// !$*UTF8*$!
{
	archiveVersion = 1;
	classes = {
	};
	objectVersion = 50;
	objects = {

/* Begin PBXBuildFile section */
		4D93456B24AD485500C046F7 /* BaseTabBar.swift in Sources */ = {isa = PBXBuildFile; fileRef = 4D93456A24AD485500C046F7 /* BaseTabBar.swift */; };
		4D93456E24AD532600C046F7 /* FilmeVC.swift in Sources */ = {isa = PBXBuildFile; fileRef = 4D93456D24AD532600C046F7 /* FilmeVC.swift */; };
		4D93457124AD575D00C046F7 /* FilmeCell.swift in Sources */ = {isa = PBXBuildFile; fileRef = 4D93457024AD575D00C046F7 /* FilmeCell.swift */; };
		4D93457424AD718300C046F7 /* Filme.swift in Sources */ = {isa = PBXBuildFile; fileRef = 4D93457324AD718300C046F7 /* Filme.swift */; };
		4D93457724AD735500C046F7 /* FilmeService.swift in Sources */ = {isa = PBXBuildFile; fileRef = 4D93457624AD735500C046F7 /* FilmeService.swift */; };
		4D93457924AD77BA00C046F7 /* FilmeDetalheVC.swift in Sources */ = {isa = PBXBuildFile; fileRef = 4D93457824AD77BA00C046F7 /* FilmeDetalheVC.swift */; };
		4D93457B24AD7C5700C046F7 /* FilmeDetalheHeaderCell.swift in Sources */ = {isa = PBXBuildFile; fileRef = 4D93457A24AD7C5700C046F7 /* FilmeDetalheHeaderCell.swift */; };
		4D93457D24AD8A3A00C046F7 /* FilmeDetalheDescricaoCell.swift in Sources */ = {isa = PBXBuildFile; fileRef = 4D93457C24AD8A3A00C046F7 /* FilmeDetalheDescricaoCell.swift */; };
		4D93458124AD8FE400C046F7 /* FilmeDetalheSlideCell.swift in Sources */ = {isa = PBXBuildFile; fileRef = 4D93458024AD8FE400C046F7 /* FilmeDetalheSlideCell.swift */; };
		4D93458324AD918E00C046F7 /* FilmesSlideVC.swift in Sources */ = {isa = PBXBuildFile; fileRef = 4D93458224AD918E00C046F7 /* FilmesSlideVC.swift */; };
		4D93458524AD959700C046F7 /* FilmeSlideCell.swift in Sources */ = {isa = PBXBuildFile; fileRef = 4D93458424AD959700C046F7 /* FilmeSlideCell.swift */; };
		4D93458724AD9C9A00C046F7 /* ExplorarVC.swift in Sources */ = {isa = PBXBuildFile; fileRef = 4D93458624AD9C9A00C046F7 /* ExplorarVC.swift */; };
		4D93458924AD9F9F00C046F7 /* ExplorarCell.swift in Sources */ = {isa = PBXBuildFile; fileRef = 4D93458824AD9F9F00C046F7 /* ExplorarCell.swift */; };
		4DBB6D8C24AD4305007BFA81 /* AppDelegate.swift in Sources */ = {isa = PBXBuildFile; fileRef = 4DBB6D8B24AD4305007BFA81 /* AppDelegate.swift */; };
		4DBB6D8E24AD4305007BFA81 /* SceneDelegate.swift in Sources */ = {isa = PBXBuildFile; fileRef = 4DBB6D8D24AD4305007BFA81 /* SceneDelegate.swift */; };
		4DBB6D9024AD4305007BFA81 /* ViewController.swift in Sources */ = {isa = PBXBuildFile; fileRef = 4DBB6D8F24AD4305007BFA81 /* ViewController.swift */; };
		4DBB6D9324AD4305007BFA81 /* Main.storyboard in Resources */ = {isa = PBXBuildFile; fileRef = 4DBB6D9124AD4305007BFA81 /* Main.storyboard */; };
		4DBB6D9524AD4307007BFA81 /* Assets.xcassets in Resources */ = {isa = PBXBuildFile; fileRef = 4DBB6D9424AD4307007BFA81 /* Assets.xcassets */; };
		4DBB6D9824AD4307007BFA81 /* LaunchScreen.storyboard in Resources */ = {isa = PBXBuildFile; fileRef = 4DBB6D9624AD4307007BFA81 /* LaunchScreen.storyboard */; };
/* End PBXBuildFile section */

/* Begin PBXFileReference section */
		4D93456A24AD485500C046F7 /* BaseTabBar.swift */ = {isa = PBXFileReference; lastKnownFileType = sourcecode.swift; path = BaseTabBar.swift; sourceTree = "<group>"; };
		4D93456D24AD532600C046F7 /* FilmeVC.swift */ = {isa = PBXFileReference; lastKnownFileType = sourcecode.swift; path = FilmeVC.swift; sourceTree = "<group>"; };
		4D93457024AD575D00C046F7 /* FilmeCell.swift */ = {isa = PBXFileReference; lastKnownFileType = sourcecode.swift; path = FilmeCell.swift; sourceTree = "<group>"; };
		4D93457324AD718300C046F7 /* Filme.swift */ = {isa = PBXFileReference; lastKnownFileType = sourcecode.swift; path = Filme.swift; sourceTree = "<group>"; };
		4D93457624AD735500C046F7 /* FilmeService.swift */ = {isa = PBXFileReference; lastKnownFileType = sourcecode.swift; path = FilmeService.swift; sourceTree = "<group>"; };
		4D93457824AD77BA00C046F7 /* FilmeDetalheVC.swift */ = {isa = PBXFileReference; lastKnownFileType = sourcecode.swift; path = FilmeDetalheVC.swift; sourceTree = "<group>"; };
		4D93457A24AD7C5700C046F7 /* FilmeDetalheHeaderCell.swift */ = {isa = PBXFileReference; lastKnownFileType = sourcecode.swift; path = FilmeDetalheHeaderCell.swift; sourceTree = "<group>"; };
		4D93457C24AD8A3A00C046F7 /* FilmeDetalheDescricaoCell.swift */ = {isa = PBXFileReference; lastKnownFileType = sourcecode.swift; path = FilmeDetalheDescricaoCell.swift; sourceTree = "<group>"; };
		4D93458024AD8FE400C046F7 /* FilmeDetalheSlideCell.swift */ = {isa = PBXFileReference; lastKnownFileType = sourcecode.swift; path = FilmeDetalheSlideCell.swift; sourceTree = "<group>"; };
		4D93458224AD918E00C046F7 /* FilmesSlideVC.swift */ = {isa = PBXFileReference; lastKnownFileType = sourcecode.swift; path = FilmesSlideVC.swift; sourceTree = "<group>"; };
		4D93458424AD959700C046F7 /* FilmeSlideCell.swift */ = {isa = PBXFileReference; lastKnownFileType = sourcecode.swift; path = FilmeSlideCell.swift; sourceTree = "<group>"; };
		4D93458624AD9C9A00C046F7 /* ExplorarVC.swift */ = {isa = PBXFileReference; lastKnownFileType = sourcecode.swift; path = ExplorarVC.swift; sourceTree = "<group>"; };
		4D93458824AD9F9F00C046F7 /* ExplorarCell.swift */ = {isa = PBXFileReference; lastKnownFileType = sourcecode.swift; path = ExplorarCell.swift; sourceTree = "<group>"; };
		4DBB6D8824AD4305007BFA81 /* Filmes.app */ = {isa = PBXFileReference; explicitFileType = wrapper.application; includeInIndex = 0; path = Filmes.app; sourceTree = BUILT_PRODUCTS_DIR; };
		4DBB6D8B24AD4305007BFA81 /* AppDelegate.swift */ = {isa = PBXFileReference; lastKnownFileType = sourcecode.swift; path = AppDelegate.swift; sourceTree = "<group>"; };
		4DBB6D8D24AD4305007BFA81 /* SceneDelegate.swift */ = {isa = PBXFileReference; lastKnownFileType = sourcecode.swift; path = SceneDelegate.swift; sourceTree = "<group>"; };
		4DBB6D8F24AD4305007BFA81 /* ViewController.swift */ = {isa = PBXFileReference; lastKnownFileType = sourcecode.swift; path = ViewController.swift; sourceTree = "<group>"; };
		4DBB6D9224AD4305007BFA81 /* Base */ = {isa = PBXFileReference; lastKnownFileType = file.storyboard; name = Base; path = Base.lproj/Main.storyboard; sourceTree = "<group>"; };
		4DBB6D9424AD4307007BFA81 /* Assets.xcassets */ = {isa = PBXFileReference; lastKnownFileType = folder.assetcatalog; path = Assets.xcassets; sourceTree = "<group>"; };
		4DBB6D9724AD4307007BFA81 /* Base */ = {isa = PBXFileReference; lastKnownFileType = file.storyboard; name = Base; path = Base.lproj/LaunchScreen.storyboard; sourceTree = "<group>"; };
		4DBB6D9924AD4307007BFA81 /* Info.plist */ = {isa = PBXFileReference; lastKnownFileType = text.plist.xml; path = Info.plist; sourceTree = "<group>"; };
/* End PBXFileReference section */

/* Begin PBXFrameworksBuildPhase section */
		4DBB6D8524AD4305007BFA81 /* Frameworks */ = {
			isa = PBXFrameworksBuildPhase;
			buildActionMask = 2147483647;
			files = (
			);
			runOnlyForDeploymentPostprocessing = 0;
		};
/* End PBXFrameworksBuildPhase section */

/* Begin PBXGroup section */
		4D93456924AD482900C046F7 /* Controller */ = {
			isa = PBXGroup;
			children = (
				4D93456A24AD485500C046F7 /* BaseTabBar.swift */,
				4D93456D24AD532600C046F7 /* FilmeVC.swift */,
				4D93457824AD77BA00C046F7 /* FilmeDetalheVC.swift */,
				4D93458224AD918E00C046F7 /* FilmesSlideVC.swift */,
				4D93458624AD9C9A00C046F7 /* ExplorarVC.swift */,
			);
			path = Controller;
			sourceTree = "<group>";
		};
		4D93456F24AD574800C046F7 /* View */ = {
			isa = PBXGroup;
			children = (
				4D93457024AD575D00C046F7 /* FilmeCell.swift */,
				4D93457A24AD7C5700C046F7 /* FilmeDetalheHeaderCell.swift */,
				4D93457C24AD8A3A00C046F7 /* FilmeDetalheDescricaoCell.swift */,
				4D93458024AD8FE400C046F7 /* FilmeDetalheSlideCell.swift */,
				4D93458424AD959700C046F7 /* FilmeSlideCell.swift */,
				4D93458824AD9F9F00C046F7 /* ExplorarCell.swift */,
			);
			path = View;
			sourceTree = "<group>";
		};
		4D93457224AD717500C046F7 /* Model */ = {
			isa = PBXGroup;
			children = (
				4D93457324AD718300C046F7 /* Filme.swift */,
			);
			path = Model;
			sourceTree = "<group>";
		};
		4D93457524AD733500C046F7 /* Service */ = {
			isa = PBXGroup;
			children = (
				4D93457624AD735500C046F7 /* FilmeService.swift */,
			);
			path = Service;
			sourceTree = "<group>";
		};
		4DBB6D7F24AD4305007BFA81 = {
			isa = PBXGroup;
			children = (
				4DBB6D8A24AD4305007BFA81 /* movie_app */,
				4DBB6D8924AD4305007BFA81 /* Products */,
			);
			sourceTree = "<group>";
		};
		4DBB6D8924AD4305007BFA81 /* Products */ = {
			isa = PBXGroup;
			children = (
				4DBB6D8824AD4305007BFA81 /* Filmes.app */,
			);
			name = Products;
			sourceTree = "<group>";
		};
		4DBB6D8A24AD4305007BFA81 /* movie_app */ = {
			isa = PBXGroup;
			children = (
				4D93457524AD733500C046F7 /* Service */,
				4D93457224AD717500C046F7 /* Model */,
				4D93456F24AD574800C046F7 /* View */,
				4D93456924AD482900C046F7 /* Controller */,
				4DBB6D8B24AD4305007BFA81 /* AppDelegate.swift */,
				4DBB6D8D24AD4305007BFA81 /* SceneDelegate.swift */,
				4DBB6D8F24AD4305007BFA81 /* ViewController.swift */,
				4DBB6D9124AD4305007BFA81 /* Main.storyboard */,
				4DBB6D9424AD4307007BFA81 /* Assets.xcassets */,
				4DBB6D9624AD4307007BFA81 /* LaunchScreen.storyboard */,
				4DBB6D9924AD4307007BFA81 /* Info.plist */,
			);
			path = movie_app;
			sourceTree = "<group>";
		};
/* End PBXGroup section */

/* Begin PBXNativeTarget section */
		4DBB6D8724AD4305007BFA81 /* movie_app */ = {
			isa = PBXNativeTarget;
			buildConfigurationList = 4DBB6D9C24AD4307007BFA81 /* Build configuration list for PBXNativeTarget "movie_app" */;
			buildPhases = (
				4DBB6D8424AD4305007BFA81 /* Sources */,
				4DBB6D8524AD4305007BFA81 /* Frameworks */,
				4DBB6D8624AD4305007BFA81 /* Resources */,
			);
			buildRules = (
			);
			dependencies = (
			);
			name = movie_app;
			productName = movie_app;
			productReference = 4DBB6D8824AD4305007BFA81 /* Filmes.app */;
			productType = "com.apple.product-type.application";
		};
/* End PBXNativeTarget section */

/* Begin PBXProject section */
		4DBB6D8024AD4305007BFA81 /* Project object */ = {
			isa = PBXProject;
			attributes = {
				LastSwiftUpdateCheck = 1150;
				LastUpgradeCheck = 1150;
				ORGANIZATIONNAME = "Lucas Geek";
				TargetAttributes = {
					4DBB6D8724AD4305007BFA81 = {
						CreatedOnToolsVersion = 11.5;
					};
				};
			};
			buildConfigurationList = 4DBB6D8324AD4305007BFA81 /* Build configuration list for PBXProject "movie_app" */;
			compatibilityVersion = "Xcode 9.3";
			developmentRegion = en;
			hasScannedForEncodings = 0;
			knownRegions = (
				en,
				Base,
			);
			mainGroup = 4DBB6D7F24AD4305007BFA81;
			productRefGroup = 4DBB6D8924AD4305007BFA81 /* Products */;
			projectDirPath = "";
			projectRoot = "";
			targets = (
				4DBB6D8724AD4305007BFA81 /* movie_app */,
			);
		};
/* End PBXProject section */

/* Begin PBXResourcesBuildPhase section */
		4DBB6D8624AD4305007BFA81 /* Resources */ = {
			isa = PBXResourcesBuildPhase;
			buildActionMask = 2147483647;
			files = (
				4DBB6D9824AD4307007BFA81 /* LaunchScreen.storyboard in Resources */,
				4DBB6D9524AD4307007BFA81 /* Assets.xcassets in Resources */,
				4DBB6D9324AD4305007BFA81 /* Main.storyboard in Resources */,
			);
			runOnlyForDeploymentPostprocessing = 0;
		};
/* End PBXResourcesBuildPhase section */

/* Begin PBXSourcesBuildPhase section */
		4DBB6D8424AD4305007BFA81 /* Sources */ = {
			isa = PBXSourcesBuildPhase;
			buildActionMask = 2147483647;
			files = (
				4DBB6D9024AD4305007BFA81 /* ViewController.swift in Sources */,
				4D93458724AD9C9A00C046F7 /* ExplorarVC.swift in Sources */,
				4D93456E24AD532600C046F7 /* FilmeVC.swift in Sources */,
				4D93458324AD918E00C046F7 /* FilmesSlideVC.swift in Sources */,
				4D93457B24AD7C5700C046F7 /* FilmeDetalheHeaderCell.swift in Sources */,
				4D93458124AD8FE400C046F7 /* FilmeDetalheSlideCell.swift in Sources */,
				4D93457924AD77BA00C046F7 /* FilmeDetalheVC.swift in Sources */,
				4DBB6D8C24AD4305007BFA81 /* AppDelegate.swift in Sources */,
				4D93457D24AD8A3A00C046F7 /* FilmeDetalheDescricaoCell.swift in Sources */,
				4D93457724AD735500C046F7 /* FilmeService.swift in Sources */,
				4D93458924AD9F9F00C046F7 /* ExplorarCell.swift in Sources */,
				4D93458524AD959700C046F7 /* FilmeSlideCell.swift in Sources */,
				4D93457424AD718300C046F7 /* Filme.swift in Sources */,
				4D93456B24AD485500C046F7 /* BaseTabBar.swift in Sources */,
				4DBB6D8E24AD4305007BFA81 /* SceneDelegate.swift in Sources */,
				4D93457124AD575D00C046F7 /* FilmeCell.swift in Sources */,
			);
			runOnlyForDeploymentPostprocessing = 0;
		};
/* End PBXSourcesBuildPhase section */

/* Begin PBXVariantGroup section */
		4DBB6D9124AD4305007BFA81 /* Main.storyboard */ = {
			isa = PBXVariantGroup;
			children = (
				4DBB6D9224AD4305007BFA81 /* Base */,
			);
			name = Main.storyboard;
			sourceTree = "<group>";
		};
		4DBB6D9624AD4307007BFA81 /* LaunchScreen.storyboard */ = {
			isa = PBXVariantGroup;
			children = (
				4DBB6D9724AD4307007BFA81 /* Base */,
			);
			name = LaunchScreen.storyboard;
			sourceTree = "<group>";
		};
/* End PBXVariantGroup section */

/* Begin XCBuildConfiguration section */
		4DBB6D9A24AD4307007BFA81 /* Debug */ = {
			isa = XCBuildConfiguration;
			buildSettings = {
				ALWAYS_SEARCH_USER_PATHS = NO;
				CLANG_ANALYZER_NONNULL = YES;
				CLANG_ANALYZER_NUMBER_OBJECT_CONVERSION = YES_AGGRESSIVE;
				CLANG_CXX_LANGUAGE_STANDARD = "gnu++14";
				CLANG_CXX_LIBRARY = "libc++";
				CLANG_ENABLE_MODULES = YES;
				CLANG_ENABLE_OBJC_ARC = YES;
				CLANG_ENABLE_OBJC_WEAK = YES;
				CLANG_WARN_BLOCK_CAPTURE_AUTORELEASING = YES;
				CLANG_WARN_BOOL_CONVERSION = YES;
				CLANG_WARN_COMMA = YES;
				CLANG_WARN_CONSTANT_CONVERSION = YES;
				CLANG_WARN_DEPRECATED_OBJC_IMPLEMENTATIONS = YES;
				CLANG_WARN_DIRECT_OBJC_ISA_USAGE = YES_ERROR;
				CLANG_WARN_DOCUMENTATION_COMMENTS = YES;
				CLANG_WARN_EMPTY_BODY = YES;
				CLANG_WARN_ENUM_CONVERSION = YES;
				CLANG_WARN_INFINITE_RECURSION = YES;
				CLANG_WARN_INT_CONVERSION = YES;
				CLANG_WARN_NON_LITERAL_NULL_CONVERSION = YES;
				CLANG_WARN_OBJC_IMPLICIT_RETAIN_SELF = YES;
				CLANG_WARN_OBJC_LITERAL_CONVERSION = YES;
				CLANG_WARN_OBJC_ROOT_CLASS = YES_ERROR;
				CLANG_WARN_RANGE_LOOP_ANALYSIS = YES;
				CLANG_WARN_STRICT_PROTOTYPES = YES;
				CLANG_WARN_SUSPICIOUS_MOVE = YES;
				CLANG_WARN_UNGUARDED_AVAILABILITY = YES_AGGRESSIVE;
				CLANG_WARN_UNREACHABLE_CODE = YES;
				CLANG_WARN__DUPLICATE_METHOD_MATCH = YES;
				COPY_PHASE_STRIP = NO;
				DEBUG_INFORMATION_FORMAT = dwarf;
				ENABLE_STRICT_OBJC_MSGSEND = YES;
				ENABLE_TESTABILITY = YES;
				GCC_C_LANGUAGE_STANDARD = gnu11;
				GCC_DYNAMIC_NO_PIC = NO;
				GCC_NO_COMMON_BLOCKS = YES;
				GCC_OPTIMIZATION_LEVEL = 0;
				GCC_PREPROCESSOR_DEFINITIONS = (
					"DEBUG=1",
					"$(inherited)",
				);
				GCC_WARN_64_TO_32_BIT_CONVERSION = YES;
				GCC_WARN_ABOUT_RETURN_TYPE = YES_ERROR;
				GCC_WARN_UNDECLARED_SELECTOR = YES;
				GCC_WARN_UNINITIALIZED_AUTOS = YES_AGGRESSIVE;
				GCC_WARN_UNUSED_FUNCTION = YES;
				GCC_WARN_UNUSED_VARIABLE = YES;
				IPHONEOS_DEPLOYMENT_TARGET = 13.5;
				MTL_ENABLE_DEBUG_INFO = INCLUDE_SOURCE;
				MTL_FAST_MATH = YES;
				ONLY_ACTIVE_ARCH = YES;
				SDKROOT = iphoneos;
				SWIFT_ACTIVE_COMPILATION_CONDITIONS = DEBUG;
				SWIFT_OPTIMIZATION_LEVEL = "-Onone";
			};
			name = Debug;
		};
		4DBB6D9B24AD4307007BFA81 /* Release */ = {
			isa = XCBuildConfiguration;
			buildSettings = {
				ALWAYS_SEARCH_USER_PATHS = NO;
				CLANG_ANALYZER_NONNULL = YES;
				CLANG_ANALYZER_NUMBER_OBJECT_CONVERSION = YES_AGGRESSIVE;
				CLANG_CXX_LANGUAGE_STANDARD = "gnu++14";
				CLANG_CXX_LIBRARY = "libc++";
				CLANG_ENABLE_MODULES = YES;
				CLANG_ENABLE_OBJC_ARC = YES;
				CLANG_ENABLE_OBJC_WEAK = YES;
				CLANG_WARN_BLOCK_CAPTURE_AUTORELEASING = YES;
				CLANG_WARN_BOOL_CONVERSION = YES;
				CLANG_WARN_COMMA = YES;
				CLANG_WARN_CONSTANT_CONVERSION = YES;
				CLANG_WARN_DEPRECATED_OBJC_IMPLEMENTATIONS = YES;
				CLANG_WARN_DIRECT_OBJC_ISA_USAGE = YES_ERROR;
				CLANG_WARN_DOCUMENTATION_COMMENTS = YES;
				CLANG_WARN_EMPTY_BODY = YES;
				CLANG_WARN_ENUM_CONVERSION = YES;
				CLANG_WARN_INFINITE_RECURSION = YES;
				CLANG_WARN_INT_CONVERSION = YES;
				CLANG_WARN_NON_LITERAL_NULL_CONVERSION = YES;
				CLANG_WARN_OBJC_IMPLICIT_RETAIN_SELF = YES;
				CLANG_WARN_OBJC_LITERAL_CONVERSION = YES;
				CLANG_WARN_OBJC_ROOT_CLASS = YES_ERROR;
				CLANG_WARN_RANGE_LOOP_ANALYSIS = YES;
				CLANG_WARN_STRICT_PROTOTYPES = YES;
				CLANG_WARN_SUSPICIOUS_MOVE = YES;
				CLANG_WARN_UNGUARDED_AVAILABILITY = YES_AGGRESSIVE;
				CLANG_WARN_UNREACHABLE_CODE = YES;
				CLANG_WARN__DUPLICATE_METHOD_MATCH = YES;
				COPY_PHASE_STRIP = NO;
				DEBUG_INFORMATION_FORMAT = "dwarf-with-dsym";
				ENABLE_NS_ASSERTIONS = NO;
				ENABLE_STRICT_OBJC_MSGSEND = YES;
				GCC_C_LANGUAGE_STANDARD = gnu11;
				GCC_NO_COMMON_BLOCKS = YES;
				GCC_WARN_64_TO_32_BIT_CONVERSION = YES;
				GCC_WARN_ABOUT_RETURN_TYPE = YES_ERROR;
				GCC_WARN_UNDECLARED_SELECTOR = YES;
				GCC_WARN_UNINITIALIZED_AUTOS = YES_AGGRESSIVE;
				GCC_WARN_UNUSED_FUNCTION = YES;
				GCC_WARN_UNUSED_VARIABLE = YES;
				IPHONEOS_DEPLOYMENT_TARGET = 13.5;
				MTL_ENABLE_DEBUG_INFO = NO;
				MTL_FAST_MATH = YES;
				SDKROOT = iphoneos;
				SWIFT_COMPILATION_MODE = wholemodule;
				SWIFT_OPTIMIZATION_LEVEL = "-O";
				VALIDATE_PRODUCT = YES;
			};
			name = Release;
		};
		4DBB6D9D24AD4307007BFA81 /* Debug */ = {
			isa = XCBuildConfiguration;
			buildSettings = {
				ASSETCATALOG_COMPILER_APPICON_NAME = AppIcon;
				CODE_SIGN_STYLE = Automatic;
				DEVELOPMENT_TEAM = 24LJS48PUU;
				INFOPLIST_FILE = movie_app/Info.plist;
				LD_RUNPATH_SEARCH_PATHS = (
					"$(inherited)",
					"@executable_path/Frameworks",
				);
				PRODUCT_BUNDLE_IDENTIFIER = "br.com.lucasgeek.movie-app";
				PRODUCT_NAME = Filmes;
				SWIFT_VERSION = 5.0;
				TARGETED_DEVICE_FAMILY = "1,2";
			};
			name = Debug;
		};
		4DBB6D9E24AD4307007BFA81 /* Release */ = {
			isa = XCBuildConfiguration;
			buildSettings = {
				ASSETCATALOG_COMPILER_APPICON_NAME = AppIcon;
				CODE_SIGN_STYLE = Automatic;
				DEVELOPMENT_TEAM = 24LJS48PUU;
				INFOPLIST_FILE = movie_app/Info.plist;
				LD_RUNPATH_SEARCH_PATHS = (
					"$(inherited)",
					"@executable_path/Frameworks",
				);
				PRODUCT_BUNDLE_IDENTIFIER = "br.com.lucasgeek.movie-app";
				PRODUCT_NAME = Filmes;
				SWIFT_VERSION = 5.0;
				TARGETED_DEVICE_FAMILY = "1,2";
			};
			name = Release;
		};
/* End XCBuildConfiguration section */

/* Begin XCConfigurationList section */
		4DBB6D8324AD4305007BFA81 /* Build configuration list for PBXProject "movie_app" */ = {
			isa = XCConfigurationList;
			buildConfigurations = (
				4DBB6D9A24AD4307007BFA81 /* Debug */,
				4DBB6D9B24AD4307007BFA81 /* Release */,
			);
			defaultConfigurationIsVisible = 0;
			defaultConfigurationName = Release;
		};
		4DBB6D9C24AD4307007BFA81 /* Build configuration list for PBXNativeTarget "movie_app" */ = {
			isa = XCConfigurationList;
			buildConfigurations = (
				4DBB6D9D24AD4307007BFA81 /* Debug */,
				4DBB6D9E24AD4307007BFA81 /* Release */,
			);
			defaultConfigurationIsVisible = 0;
			defaultConfigurationName = Release;
		};
/* End XCConfigurationList section */
	};
	rootObject = 4DBB6D8024AD4305007BFA81 /* Project object */;
}
